
Microsoft Visual Studio Solution File, Format Version 12.00
# Visual Studio Version 16
VisualStudioVersion = 16.0.29911.84
MinimumVisualStudioVersion = 10.0.40219.1
Project("{2150E333-8FDC-42A3-9474-1A3956D46DE8}") = "01 - Presentation", "01 - Presentation", "{C905CACC-9940-4449-861B-1059D4EC4AAF}"
EndProject
Project("{2150E333-8FDC-42A3-9474-1A3956D46DE8}") = "02 - Domain", "02 - Domain", "{1088BE46-A9BC-438A-9620-662D09E954A3}"
EndProject
Project("{2150E333-8FDC-42A3-9474-1A3956D46DE8}") = "03 - Infrastructure", "03 - Infrastructure", "{ACE26378-3EC7-4AA3-843C-2F3D4D21A080}"
EndProject
Project("{2150E333-8FDC-42A3-9474-1A3956D46DE8}") = "04 - Crosscutting", "04 - Crosscutting", "{CDB93C75-9A74-43DE-806D-8F10E15BC67D}"
EndProject
Project("{9A19103F-16F7-4668-BE54-9A1E7A4F7556}") = "20GRPED.MVC2.Mvc", "20GRPED.MVC2.Mvc\20GRPED.MVC2.Mvc.csproj", "{C699B808-B05E-4D27-B233-F97FD9465B0E}"
EndProject
Project("{9A19103F-16F7-4668-BE54-9A1E7A4F7556}") = "20GRPED.MVC2.Domain.Model", "20GRPED.MVC2.Domain.Model\20GRPED.MVC2.Domain.Model.csproj", "{94D2755C-85C6-451F-A153-B236C0C39CAC}"
EndProject
Project("{9A19103F-16F7-4668-BE54-9A1E7A4F7556}") = "20GRPED.MVC2.Domain.Service", "20GRPED.MVC2.Domain.Service\20GRPED.MVC2.Domain.Service.csproj", "{ACACC935-8DAF-4E1F-8795-36C70D21FF5F}"
EndProject
Project("{9A19103F-16F7-4668-BE54-9A1E7A4F7556}") = "20GRPED.MVC2.Data", "20GRPED.MVC2.Data\20GRPED.MVC2.Data.csproj", "{33761A19-0DDB-41D2-8317-5C73618E5237}"
EndProject
Project("{9A19103F-16F7-4668-BE54-9A1E7A4F7556}") = "20GRPED.MVC2.InversionOfControl", "20GRPED.MVC2.InversionOfControl\20GRPED.MVC2.InversionOfControl.csproj", "{39932C57-75CC-4FE0-8FC0-1EEA40B7B7E4}"
EndProject
Project("{FAE04EC0-301F-11D3-BF4B-00C04F79EFBC}") = "20GRPED.MVC2.Crosscutting.Identity", "20GRPED.MVC2.Crosscutting.Identity\20GRPED.MVC2.Crosscutting.Identity.csproj", "{09CBB8D3-6DDB-42FB-A04C-E018EFB7E720}"
EndProject
Global
	GlobalSection(SolutionConfigurationPlatforms) = preSolution
		Debug|Any CPU = Debug|Any CPU
		Release|Any CPU = Release|Any CPU
	EndGlobalSection
	GlobalSection(ProjectConfigurationPlatforms) = postSolution
		{C699B808-B05E-4D27-B233-F97FD9465B0E}.Debug|Any CPU.ActiveCfg = Debug|Any CPU
		{C699B808-B05E-4D27-B233-F97FD9465B0E}.Debug|Any CPU.Build.0 = Debug|Any CPU
		{C699B808-B05E-4D27-B233-F97FD9465B0E}.Release|Any CPU.ActiveCfg = Release|Any CPU
		{C699B808-B05E-4D27-B233-F97FD9465B0E}.Release|Any CPU.Build.0 = Release|Any CPU
		{94D2755C-85C6-451F-A153-B236C0C39CAC}.Debug|Any CPU.ActiveCfg = Debug|Any CPU
		{94D2755C-85C6-451F-A153-B236C0C39CAC}.Debug|Any CPU.Build.0 = Debug|Any CPU
		{94D2755C-85C6-451F-A153-B236C0C39CAC}.Release|Any CPU.ActiveCfg = Release|Any CPU
		{94D2755C-85C6-451F-A153-B236C0C39CAC}.Release|Any CPU.Build.0 = Release|Any CPU
		{ACACC935-8DAF-4E1F-8795-36C70D21FF5F}.Debug|Any CPU.ActiveCfg = Debug|Any CPU
		{ACACC935-8DAF-4E1F-8795-36C70D21FF5F}.Debug|Any CPU.Build.0 = Debug|Any CPU
		{ACACC935-8DAF-4E1F-8795-36C70D21FF5F}.Release|Any CPU.ActiveCfg = Release|Any CPU
		{ACACC935-8DAF-4E1F-8795-36C70D21FF5F}.Release|Any CPU.Build.0 = Release|Any CPU
		{33761A19-0DDB-41D2-8317-5C73618E5237}.Debug|Any CPU.ActiveCfg = Debug|Any CPU
		{33761A19-0DDB-41D2-8317-5C73618E5237}.Debug|Any CPU.Build.0 = Debug|Any CPU
		{33761A19-0DDB-41D2-8317-5C73618E5237}.Release|Any CPU.ActiveCfg = Release|Any CPU
		{33761A19-0DDB-41D2-8317-5C73618E5237}.Release|Any CPU.Build.0 = Release|Any CPU
		{39932C57-75CC-4FE0-8FC0-1EEA40B7B7E4}.Debug|Any CPU.ActiveCfg = Debug|Any CPU
		{39932C57-75CC-4FE0-8FC0-1EEA40B7B7E4}.Debug|Any CPU.Build.0 = Debug|Any CPU
		{39932C57-75CC-4FE0-8FC0-1EEA40B7B7E4}.Release|Any CPU.ActiveCfg = Release|Any CPU
		{39932C57-75CC-4FE0-8FC0-1EEA40B7B7E4}.Release|Any CPU.Build.0 = Release|Any CPU
		{09CBB8D3-6DDB-42FB-A04C-E018EFB7E720}.Debug|Any CPU.ActiveCfg = Debug|Any CPU
		{09CBB8D3-6DDB-42FB-A04C-E018EFB7E720}.Debug|Any CPU.Build.0 = Debug|Any CPU
		{09CBB8D3-6DDB-42FB-A04C-E018EFB7E720}.Release|Any CPU.ActiveCfg = Release|Any CPU
		{09CBB8D3-6DDB-42FB-A04C-E018EFB7E720}.Release|Any CPU.Build.0 = Release|Any CPU
	EndGlobalSection
	GlobalSection(SolutionProperties) = preSolution
		HideSolutionNode = FALSE
	EndGlobalSection
	GlobalSection(NestedProjects) = preSolution
		{C699B808-B05E-4D27-B233-F97FD9465B0E} = {C905CACC-9940-4449-861B-1059D4EC4AAF}
		{94D2755C-85C6-451F-A153-B236C0C39CAC} = {1088BE46-A9BC-438A-9620-662D09E954A3}
		{ACACC935-8DAF-4E1F-8795-36C70D21FF5F} = {1088BE46-A9BC-438A-9620-662D09E954A3}
		{33761A19-0DDB-41D2-8317-5C73618E5237} = {ACE26378-3EC7-4AA3-843C-2F3D4D21A080}
		{39932C57-75CC-4FE0-8FC0-1EEA40B7B7E4} = {CDB93C75-9A74-43DE-806D-8F10E15BC67D}
		{09CBB8D3-6DDB-42FB-A04C-E018EFB7E720} = {CDB93C75-9A74-43DE-806D-8F10E15BC67D}
	EndGlobalSection
	GlobalSection(ExtensibilityGlobals) = postSolution
		SolutionGuid = {0565E4D6-2666-48E3-822B-6C859DFC02E3}
	EndGlobalSection
EndGlobal
